// !$*UTF8*$!
{
	archiveVersion = 1;
	classes = {
	};
	objectVersion = 56;
	objects = {

/* Begin PBXBuildFile section */
		8241D56A2BDFE49A00BD686A /* AppApp.swift in Sources */ = {isa = PBXBuildFile; fileRef = 8241D5692BDFE49A00BD686A /* AppApp.swift */; };
		8241D56C2BDFE49A00BD686A /* ContentView.swift in Sources */ = {isa = PBXBuildFile; fileRef = 8241D56B2BDFE49A00BD686A /* ContentView.swift */; };
		8241D56E2BDFE49D00BD686A /* Assets.xcassets in Resources */ = {isa = PBXBuildFile; fileRef = 8241D56D2BDFE49D00BD686A /* Assets.xcassets */; };
		8241D5712BDFE49D00BD686A /* Preview Assets.xcassets in Resources */ = {isa = PBXBuildFile; fileRef = 8241D5702BDFE49D00BD686A /* Preview Assets.xcassets */; };
		8241D5782BDFEAFF00BD686A /* ComponentView.swift in Sources */ = {isa = PBXBuildFile; fileRef = 8241D5772BDFEAFF00BD686A /* ComponentView.swift */; };
		8241D57A2BDFEB0B00BD686A /* ViewModel.swift in Sources */ = {isa = PBXBuildFile; fileRef = 8241D5792BDFEB0B00BD686A /* ViewModel.swift */; };
		8241D57C2BDFEB1700BD686A /* ResizingConrolsView.swift in Sources */ = {isa = PBXBuildFile; fileRef = 8241D57B2BDFEB1600BD686A /* ResizingConrolsView.swift */; };
		8241D57E2BDFEB2100BD686A /* ResizePoint.swift in Sources */ = {isa = PBXBuildFile; fileRef = 8241D57D2BDFEB2100BD686A /* ResizePoint.swift */; };
		8241D5802BDFEB3000BD686A /* CardComponentInfo.swift in Sources */ = {isa = PBXBuildFile; fileRef = 8241D57F2BDFEB3000BD686A /* CardComponentInfo.swift */; };
		8241D5822BDFEB3E00BD686A /* CardComponentViewType.swift in Sources */ = {isa = PBXBuildFile; fileRef = 8241D5812BDFEB3E00BD686A /* CardComponentViewType.swift */; };
/* End PBXBuildFile section */

/* Begin PBXFileReference section */
		8241D5662BDFE49A00BD686A /* App.app */ = {isa = PBXFileReference; explicitFileType = wrapper.application; includeInIndex = 0; path = App.app; sourceTree = BUILT_PRODUCTS_DIR; };
		8241D5692BDFE49A00BD686A /* AppApp.swift */ = {isa = PBXFileReference; lastKnownFileType = sourcecode.swift; path = AppApp.swift; sourceTree = "<group>"; };
		8241D56B2BDFE49A00BD686A /* ContentView.swift */ = {isa = PBXFileReference; lastKnownFileType = sourcecode.swift; path = ContentView.swift; sourceTree = "<group>"; };
		8241D56D2BDFE49D00BD686A /* Assets.xcassets */ = {isa = PBXFileReference; lastKnownFileType = folder.assetcatalog; path = Assets.xcassets; sourceTree = "<group>"; };
		8241D5702BDFE49D00BD686A /* Preview Assets.xcassets */ = {isa = PBXFileReference; lastKnownFileType = folder.assetcatalog; path = "Preview Assets.xcassets"; sourceTree = "<group>"; };
		8241D5772BDFEAFF00BD686A /* ComponentView.swift */ = {isa = PBXFileReference; lastKnownFileType = sourcecode.swift; path = ComponentView.swift; sourceTree = "<group>"; };
		8241D5792BDFEB0B00BD686A /* ViewModel.swift */ = {isa = PBXFileReference; lastKnownFileType = sourcecode.swift; path = ViewModel.swift; sourceTree = "<group>"; };
		8241D57B2BDFEB1600BD686A /* ResizingConrolsView.swift */ = {isa = PBXFileReference; lastKnownFileType = sourcecode.swift; path = ResizingConrolsView.swift; sourceTree = "<group>"; };
		8241D57D2BDFEB2100BD686A /* ResizePoint.swift */ = {isa = PBXFileReference; lastKnownFileType = sourcecode.swift; path = ResizePoint.swift; sourceTree = "<group>"; };
		8241D57F2BDFEB3000BD686A /* CardComponentInfo.swift */ = {isa = PBXFileReference; lastKnownFileType = sourcecode.swift; path = CardComponentInfo.swift; sourceTree = "<group>"; };
		8241D5812BDFEB3E00BD686A /* CardComponentViewType.swift */ = {isa = PBXFileReference; lastKnownFileType = sourcecode.swift; path = CardComponentViewType.swift; sourceTree = "<group>"; };
/* End PBXFileReference section */

/* Begin PBXFrameworksBuildPhase section */
		8241D5632BDFE49A00BD686A /* Frameworks */ = {
			isa = PBXFrameworksBuildPhase;
			buildActionMask = 2147483647;
			files = (
			);
			runOnlyForDeploymentPostprocessing = 0;
		};
/* End PBXFrameworksBuildPhase section */

/* Begin PBXGroup section */
		8241D55D2BDFE49A00BD686A = {
			isa = PBXGroup;
			children = (
				8241D5682BDFE49A00BD686A /* App */,
				8241D5672BDFE49A00BD686A /* Products */,
			);
			sourceTree = "<group>";
		};
		8241D5672BDFE49A00BD686A /* Products */ = {
			isa = PBXGroup;
			children = (
				8241D5662BDFE49A00BD686A /* App.app */,
			);
			name = Products;
			sourceTree = "<group>";
		};
		8241D5682BDFE49A00BD686A /* App */ = {
			isa = PBXGroup;
			children = (
				8241D5692BDFE49A00BD686A /* AppApp.swift */,
				8241D56B2BDFE49A00BD686A /* ContentView.swift */,
				8241D56D2BDFE49D00BD686A /* Assets.xcassets */,
				8241D56F2BDFE49D00BD686A /* Preview Content */,
				8241D5772BDFEAFF00BD686A /* ComponentView.swift */,
				8241D5792BDFEB0B00BD686A /* ViewModel.swift */,
				8241D57B2BDFEB1600BD686A /* ResizingConrolsView.swift */,
				8241D57D2BDFEB2100BD686A /* ResizePoint.swift */,
				8241D57F2BDFEB3000BD686A /* CardComponentInfo.swift */,
				8241D5812BDFEB3E00BD686A /* CardComponentViewType.swift */,
			);
			path = App;
			sourceTree = "<group>";
		};
		8241D56F2BDFE49D00BD686A /* Preview Content */ = {
			isa = PBXGroup;
			children = (
				8241D5702BDFE49D00BD686A /* Preview Assets.xcassets */,
			);
			path = "Preview Content";
			sourceTree = "<group>";
		};
/* End PBXGroup section */

/* Begin PBXNativeTarget section */
		8241D5652BDFE49A00BD686A /* App */ = {
			isa = PBXNativeTarget;
			buildConfigurationList = 8241D5742BDFE49D00BD686A /* Build configuration list for PBXNativeTarget "App" */;
			buildPhases = (
				8241D5622BDFE49A00BD686A /* Sources */,
				8241D5632BDFE49A00BD686A /* Frameworks */,
				8241D5642BDFE49A00BD686A /* Resources */,
			);
			buildRules = (
			);
			dependencies = (
			);
			name = App;
			productName = App;
			productReference = 8241D5662BDFE49A00BD686A /* App.app */;
			productType = "com.apple.product-type.application";
		};
/* End PBXNativeTarget section */

/* Begin PBXProject section */
		8241D55E2BDFE49A00BD686A /* Project object */ = {
			isa = PBXProject;
			attributes = {
				BuildIndependentTargetsInParallel = 1;
				LastSwiftUpdateCheck = 1500;
				LastUpgradeCheck = 1500;
				TargetAttributes = {
					8241D5652BDFE49A00BD686A = {
						CreatedOnToolsVersion = 15.0;
					};
				};
			};
			buildConfigurationList = 8241D5612BDFE49A00BD686A /* Build configuration list for PBXProject "App" */;
			compatibilityVersion = "Xcode 14.0";
			developmentRegion = en;
			hasScannedForEncodings = 0;
			knownRegions = (
				en,
				Base,
			);
			mainGroup = 8241D55D2BDFE49A00BD686A;
			productRefGroup = 8241D5672BDFE49A00BD686A /* Products */;
			projectDirPath = "";
			projectRoot = "";
			targets = (
				8241D5652BDFE49A00BD686A /* App */,
			);
		};
/* End PBXProject section */

/* Begin PBXResourcesBuildPhase section */
		8241D5642BDFE49A00BD686A /* Resources */ = {
			isa = PBXResourcesBuildPhase;
			buildActionMask = 2147483647;
			files = (
				8241D5712BDFE49D00BD686A /* Preview Assets.xcassets in Resources */,
				8241D56E2BDFE49D00BD686A /* Assets.xcassets in Resources */,
			);
			runOnlyForDeploymentPostprocessing = 0;
		};
/* End PBXResourcesBuildPhase section */

/* Begin PBXSourcesBuildPhase section */
		8241D5622BDFE49A00BD686A /* Sources */ = {
			isa = PBXSourcesBuildPhase;
			buildActionMask = 2147483647;
			files = (
				8241D5822BDFEB3E00BD686A /* CardComponentViewType.swift in Sources */,
				8241D57E2BDFEB2100BD686A /* ResizePoint.swift in Sources */,
				8241D5802BDFEB3000BD686A /* CardComponentInfo.swift in Sources */,
				8241D56C2BDFE49A00BD686A /* ContentView.swift in Sources */,
				8241D56A2BDFE49A00BD686A /* AppApp.swift in Sources */,
				8241D57C2BDFEB1700BD686A /* ResizingConrolsView.swift in Sources */,
				8241D57A2BDFEB0B00BD686A /* ViewModel.swift in Sources */,
				8241D5782BDFEAFF00BD686A /* ComponentView.swift in Sources */,
			);
			runOnlyForDeploymentPostprocessing = 0;
		};
/* End PBXSourcesBuildPhase section */

/* Begin XCBuildConfiguration section */
		8241D5722BDFE49D00BD686A /* Debug */ = {
			isa = XCBuildConfiguration;
			buildSettings = {
				ALWAYS_SEARCH_USER_PATHS = NO;
				ASSETCATALOG_COMPILER_GENERATE_SWIFT_ASSET_SYMBOL_EXTENSIONS = YES;
				CLANG_ANALYZER_NONNULL = YES;
				CLANG_ANALYZER_NUMBER_OBJECT_CONVERSION = YES_AGGRESSIVE;
				CLANG_CXX_LANGUAGE_STANDARD = "gnu++20";
				CLANG_ENABLE_MODULES = YES;
				CLANG_ENABLE_OBJC_ARC = YES;
				CLANG_ENABLE_OBJC_WEAK = YES;
				CLANG_WARN_BLOCK_CAPTURE_AUTORELEASING = YES;
				CLANG_WARN_BOOL_CONVERSION = YES;
				CLANG_WARN_COMMA = YES;
				CLANG_WARN_CONSTANT_CONVERSION = YES;
				CLANG_WARN_DEPRECATED_OBJC_IMPLEMENTATIONS = YES;
				CLANG_WARN_DIRECT_OBJC_ISA_USAGE = YES_ERROR;
				CLANG_WARN_DOCUMENTATION_COMMENTS = YES;
				CLANG_WARN_EMPTY_BODY = YES;
				CLANG_WARN_ENUM_CONVERSION = YES;
				CLANG_WARN_INFINITE_RECURSION = YES;
				CLANG_WARN_INT_CONVERSION = YES;
				CLANG_WARN_NON_LITERAL_NULL_CONVERSION = YES;
				CLANG_WARN_OBJC_IMPLICIT_RETAIN_SELF = YES;
				CLANG_WARN_OBJC_LITERAL_CONVERSION = YES;
				CLANG_WARN_OBJC_ROOT_CLASS = YES_ERROR;
				CLANG_WARN_QUOTED_INCLUDE_IN_FRAMEWORK_HEADER = YES;
				CLANG_WARN_RANGE_LOOP_ANALYSIS = YES;
				CLANG_WARN_STRICT_PROTOTYPES = YES;
				CLANG_WARN_SUSPICIOUS_MOVE = YES;
				CLANG_WARN_UNGUARDED_AVAILABILITY = YES_AGGRESSIVE;
				CLANG_WARN_UNREACHABLE_CODE = YES;
				CLANG_WARN__DUPLICATE_METHOD_MATCH = YES;
				COPY_PHASE_STRIP = NO;
				DEBUG_INFORMATION_FORMAT = dwarf;
				ENABLE_STRICT_OBJC_MSGSEND = YES;
				ENABLE_TESTABILITY = YES;
				ENABLE_USER_SCRIPT_SANDBOXING = YES;
				GCC_C_LANGUAGE_STANDARD = gnu17;
				GCC_DYNAMIC_NO_PIC = NO;
				GCC_NO_COMMON_BLOCKS = YES;
				GCC_OPTIMIZATION_LEVEL = 0;
				GCC_PREPROCESSOR_DEFINITIONS = (
					"DEBUG=1",
					"$(inherited)",
				);
				GCC_WARN_64_TO_32_BIT_CONVERSION = YES;
				GCC_WARN_ABOUT_RETURN_TYPE = YES_ERROR;
				GCC_WARN_UNDECLARED_SELECTOR = YES;
				GCC_WARN_UNINITIALIZED_AUTOS = YES_AGGRESSIVE;
				GCC_WARN_UNUSED_FUNCTION = YES;
				GCC_WARN_UNUSED_VARIABLE = YES;
				IPHONEOS_DEPLOYMENT_TARGET = 17.0;
				LOCALIZATION_PREFERS_STRING_CATALOGS = YES;
				MTL_ENABLE_DEBUG_INFO = INCLUDE_SOURCE;
				MTL_FAST_MATH = YES;
				ONLY_ACTIVE_ARCH = YES;
				SDKROOT = iphoneos;
				SWIFT_ACTIVE_COMPILATION_CONDITIONS = "DEBUG $(inherited)";
				SWIFT_OPTIMIZATION_LEVEL = "-Onone";
			};
			name = Debug;
		};
		8241D5732BDFE49D00BD686A /* Release */ = {
			isa = XCBuildConfiguration;
			buildSettings = {
				ALWAYS_SEARCH_USER_PATHS = NO;
				ASSETCATALOG_COMPILER_GENERATE_SWIFT_ASSET_SYMBOL_EXTENSIONS = YES;
				CLANG_ANALYZER_NONNULL = YES;
				CLANG_ANALYZER_NUMBER_OBJECT_CONVERSION = YES_AGGRESSIVE;
				CLANG_CXX_LANGUAGE_STANDARD = "gnu++20";
				CLANG_ENABLE_MODULES = YES;
				CLANG_ENABLE_OBJC_ARC = YES;
				CLANG_ENABLE_OBJC_WEAK = YES;
				CLANG_WARN_BLOCK_CAPTURE_AUTORELEASING = YES;
				CLANG_WARN_BOOL_CONVERSION = YES;
				CLANG_WARN_COMMA = YES;
				CLANG_WARN_CONSTANT_CONVERSION = YES;
				CLANG_WARN_DEPRECATED_OBJC_IMPLEMENTATIONS = YES;
				CLANG_WARN_DIRECT_OBJC_ISA_USAGE = YES_ERROR;
				CLANG_WARN_DOCUMENTATION_COMMENTS = YES;
				CLANG_WARN_EMPTY_BODY = YES;
				CLANG_WARN_ENUM_CONVERSION = YES;
				CLANG_WARN_INFINITE_RECURSION = YES;
				CLANG_WARN_INT_CONVERSION = YES;
				CLANG_WARN_NON_LITERAL_NULL_CONVERSION = YES;
				CLANG_WARN_OBJC_IMPLICIT_RETAIN_SELF = YES;
				CLANG_WARN_OBJC_LITERAL_CONVERSION = YES;
				CLANG_WARN_OBJC_ROOT_CLASS = YES_ERROR;
				CLANG_WARN_QUOTED_INCLUDE_IN_FRAMEWORK_HEADER = YES;
				CLANG_WARN_RANGE_LOOP_ANALYSIS = YES;
				CLANG_WARN_STRICT_PROTOTYPES = YES;
				CLANG_WARN_SUSPICIOUS_MOVE = YES;
				CLANG_WARN_UNGUARDED_AVAILABILITY = YES_AGGRESSIVE;
				CLANG_WARN_UNREACHABLE_CODE = YES;
				CLANG_WARN__DUPLICATE_METHOD_MATCH = YES;
				COPY_PHASE_STRIP = NO;
				DEBUG_INFORMATION_FORMAT = "dwarf-with-dsym";
				ENABLE_NS_ASSERTIONS = NO;
				ENABLE_STRICT_OBJC_MSGSEND = YES;
				ENABLE_USER_SCRIPT_SANDBOXING = YES;
				GCC_C_LANGUAGE_STANDARD = gnu17;
				GCC_NO_COMMON_BLOCKS = YES;
				GCC_WARN_64_TO_32_BIT_CONVERSION = YES;
				GCC_WARN_ABOUT_RETURN_TYPE = YES_ERROR;
				GCC_WARN_UNDECLARED_SELECTOR = YES;
				GCC_WARN_UNINITIALIZED_AUTOS = YES_AGGRESSIVE;
				GCC_WARN_UNUSED_FUNCTION = YES;
				GCC_WARN_UNUSED_VARIABLE = YES;
				IPHONEOS_DEPLOYMENT_TARGET = 17.0;
				LOCALIZATION_PREFERS_STRING_CATALOGS = YES;
				MTL_ENABLE_DEBUG_INFO = NO;
				MTL_FAST_MATH = YES;
				SDKROOT = iphoneos;
				SWIFT_COMPILATION_MODE = wholemodule;
				VALIDATE_PRODUCT = YES;
			};
			name = Release;
		};
		8241D5752BDFE49D00BD686A /* Debug */ = {
			isa = XCBuildConfiguration;
			buildSettings = {
				ASSETCATALOG_COMPILER_APPICON_NAME = AppIcon;
				ASSETCATALOG_COMPILER_GLOBAL_ACCENT_COLOR_NAME = AccentColor;
				CODE_SIGN_STYLE = Automatic;
				CURRENT_PROJECT_VERSION = 1;
				DEVELOPMENT_ASSET_PATHS = "\"App/Preview Content\"";
				DEVELOPMENT_TEAM = JX6SJ93FPN;
				ENABLE_PREVIEWS = YES;
				GENERATE_INFOPLIST_FILE = YES;
				INFOPLIST_KEY_UIApplicationSceneManifest_Generation = YES;
				INFOPLIST_KEY_UIApplicationSupportsIndirectInputEvents = YES;
				INFOPLIST_KEY_UILaunchScreen_Generation = YES;
				INFOPLIST_KEY_UISupportedInterfaceOrientations_iPad = "UIInterfaceOrientationPortrait UIInterfaceOrientationPortraitUpsideDown UIInterfaceOrientationLandscapeLeft UIInterfaceOrientationLandscapeRight";
				INFOPLIST_KEY_UISupportedInterfaceOrientations_iPhone = "UIInterfaceOrientationPortrait UIInterfaceOrientationLandscapeLeft UIInterfaceOrientationLandscapeRight";
				IPHONEOS_DEPLOYMENT_TARGET = 16.0;
				LD_RUNPATH_SEARCH_PATHS = (
					"$(inherited)",
					"@executable_path/Frameworks",
				);
				MARKETING_VERSION = 1.0;
				PRODUCT_BUNDLE_IDENTIFIER = autofillCred.mohsen.com.App;
				PRODUCT_NAME = "$(TARGET_NAME)";
				SWIFT_EMIT_LOC_STRINGS = YES;
				SWIFT_VERSION = 5.0;
				TARGETED_DEVICE_FAMILY = "1,2";
			};
			name = Debug;
		};
		8241D5762BDFE49D00BD686A /* Release */ = {
			isa = XCBuildConfiguration;
			buildSettings = {
				ASSETCATALOG_COMPILER_APPICON_NAME = AppIcon;
				ASSETCATALOG_COMPILER_GLOBAL_ACCENT_COLOR_NAME = AccentColor;
				CODE_SIGN_STYLE = Automatic;
				CURRENT_PROJECT_VERSION = 1;
				DEVELOPMENT_ASSET_PATHS = "\"App/Preview Content\"";
				DEVELOPMENT_TEAM = JX6SJ93FPN;
				ENABLE_PREVIEWS = YES;
				GENERATE_INFOPLIST_FILE = YES;
				INFOPLIST_KEY_UIApplicationSceneManifest_Generation = YES;
				INFOPLIST_KEY_UIApplicationSupportsIndirectInputEvents = YES;
				INFOPLIST_KEY_UILaunchScreen_Generation = YES;
				INFOPLIST_KEY_UISupportedInterfaceOrientations_iPad = "UIInterfaceOrientationPortrait UIInterfaceOrientationPortraitUpsideDown UIInterfaceOrientationLandscapeLeft UIInterfaceOrientationLandscapeRight";
				INFOPLIST_KEY_UISupportedInterfaceOrientations_iPhone = "UIInterfaceOrientationPortrait UIInterfaceOrientationLandscapeLeft UIInterfaceOrientationLandscapeRight";
				IPHONEOS_DEPLOYMENT_TARGET = 16.0;
				LD_RUNPATH_SEARCH_PATHS = (
					"$(inherited)",
					"@executable_path/Frameworks",
				);
				MARKETING_VERSION = 1.0;
				PRODUCT_BUNDLE_IDENTIFIER = autofillCred.mohsen.com.App;
				PRODUCT_NAME = "$(TARGET_NAME)";
				SWIFT_EMIT_LOC_STRINGS = YES;
				SWIFT_VERSION = 5.0;
				TARGETED_DEVICE_FAMILY = "1,2";
			};
			name = Release;
		};
/* End XCBuildConfiguration section */

/* Begin XCConfigurationList section */
		8241D5612BDFE49A00BD686A /* Build configuration list for PBXProject "App" */ = {
			isa = XCConfigurationList;
			buildConfigurations = (
				8241D5722BDFE49D00BD686A /* Debug */,
				8241D5732BDFE49D00BD686A /* Release */,
			);
			defaultConfigurationIsVisible = 0;
			defaultConfigurationName = Release;
		};
		8241D5742BDFE49D00BD686A /* Build configuration list for PBXNativeTarget "App" */ = {
			isa = XCConfigurationList;
			buildConfigurations = (
				8241D5752BDFE49D00BD686A /* Debug */,
				8241D5762BDFE49D00BD686A /* Release */,
			);
			defaultConfigurationIsVisible = 0;
			defaultConfigurationName = Release;
		};
/* End XCConfigurationList section */
	};
	rootObject = 8241D55E2BDFE49A00BD686A /* Project object */;
}
